
Microsoft Visual Studio Solution File, Format Version 12.00
# Visual Studio Version 17
VisualStudioVersion = 17.3.32825.248
MinimumVisualStudioVersion = 10.0.40219.1
Project("{2150E333-8FDC-42A3-9474-1A3956D46DE8}") = "SolutionItems", "SolutionItems", "{05EB9CCD-764A-4D5A-B539-5461EA504B74}"
	ProjectSection(SolutionItems) = preProject
		DockerComposeSteps_External.txt = DockerComposeSteps_External.txt
	EndProjectSection
EndProject
Project("{2150E333-8FDC-42A3-9474-1A3956D46DE8}") = "src", "src", "{D0EB3AFE-3028-4490-AF62-5B7FC754B2B1}"
EndProject
Project("{2150E333-8FDC-42A3-9474-1A3956D46DE8}") = "Api", "Api", "{3CA220A2-18DB-409A-8E32-AFD9BABBEB33}"
EndProject
Project("{2150E333-8FDC-42A3-9474-1A3956D46DE8}") = "Clients", "Clients", "{3DC9FEFD-9921-477A-87BF-7E1C78F14770}"
EndProject
Project("{2150E333-8FDC-42A3-9474-1A3956D46DE8}") = "Common", "Common", "{AA1BD5B1-0A22-4CB1-BF3B-66E6A426EB10}"
EndProject
Project("{2150E333-8FDC-42A3-9474-1A3956D46DE8}") = "Projections", "Projections", "{CEB9D421-C40D-4B82-837B-BA75B5A4C697}"
EndProject
Project("{2150E333-8FDC-42A3-9474-1A3956D46DE8}") = "Core", "Core", "{4836F80A-117D-4159-A8C3-1109966964D9}"
EndProject
Project("{2150E333-8FDC-42A3-9474-1A3956D46DE8}") = "Infrastructure", "Infrastructure", "{84D7FA04-C529-4DEF-9702-A9B12F78CAA4}"
EndProject
Project("{2150E333-8FDC-42A3-9474-1A3956D46DE8}") = "WebApi", "WebApi", "{7B099717-255E-48F6-BC5F-2413298AB75B}"
EndProject
Project("{2150E333-8FDC-42A3-9474-1A3956D46DE8}") = "BlazorWeb", "BlazorWeb", "{05550588-8E9E-4A15-8208-E440300A642F}"
EndProject
Project("{9A19103F-16F7-4668-BE54-9A1E7A4F7556}") = "Application", "src\Api\Core\OzSozluk.Api.Application\Application\Application.csproj", "{4592CD90-540D-4CD8-AFB2-E0906BA6A65F}"
EndProject
Project("{FAE04EC0-301F-11D3-BF4B-00C04F79EFBC}") = "Common", "src\Common\OzSozluk.Common\Common\Common.csproj", "{2387923A-68D1-42AA-A643-8E85605D151B}"
EndProject
Project("{FAE04EC0-301F-11D3-BF4B-00C04F79EFBC}") = "Domain", "src\Api\Core\OzSozluk.Api.Domain\Domain\Domain.csproj", "{73CE0223-0FDD-4DF1-9135-6A25E8F1E5FF}"
EndProject
Project("{FAE04EC0-301F-11D3-BF4B-00C04F79EFBC}") = "Persistence", "src\Api\Infrastructure\OzSozluk.Infrastructure.Persistence\Persistence\Persistence.csproj", "{EA1AC03A-6E1B-4610-8904-2C228878408E}"
EndProject
Project("{FAE04EC0-301F-11D3-BF4B-00C04F79EFBC}") = "WebApi", "src\Api\WebApi\OzSozluk.Api.WebApi\WebApi\WebApi.csproj", "{CA9A9BA3-5B36-4B52-825E-7BE014984D0A}"
EndProject
Project("{FAE04EC0-301F-11D3-BF4B-00C04F79EFBC}") = "FavoriteWorker", "src\Projections\OzSozluk.Projections.FavoriteWorker\FavoriteWorker\FavoriteWorker.csproj", "{0472E7B4-10A4-4FB7-AFC9-6A6C3255DF8C}"
EndProject
Project("{FAE04EC0-301F-11D3-BF4B-00C04F79EFBC}") = "UserWorker", "src\Projections\OzSozluk.Projections.UserWorker\UserWorker\UserWorker.csproj", "{9EF9EB5B-5BDD-4613-BD65-148B7D6B3256}"
EndProject
Project("{FAE04EC0-301F-11D3-BF4B-00C04F79EFBC}") = "VoteWorker", "src\Projections\OzSozluk.Projections.VoteWorker\VoteWorker\VoteWorker.csproj", "{F0086726-9A05-49F0-AC31-8FCCA4D43D79}"
EndProject
Project("{FAE04EC0-301F-11D3-BF4B-00C04F79EFBC}") = "WebApp", "src\Clients\BlazorWeb\OzSozluk.WebApp\WebApp\WebApp.csproj", "{2FFB116A-3583-4CE1-BA2D-CDE8B648172B}"
EndProject
Global
	GlobalSection(SolutionConfigurationPlatforms) = preSolution
		Debug|Any CPU = Debug|Any CPU
		Release|Any CPU = Release|Any CPU
	EndGlobalSection
	GlobalSection(ProjectConfigurationPlatforms) = postSolution
		{4592CD90-540D-4CD8-AFB2-E0906BA6A65F}.Debug|Any CPU.ActiveCfg = Debug|Any CPU
		{4592CD90-540D-4CD8-AFB2-E0906BA6A65F}.Debug|Any CPU.Build.0 = Debug|Any CPU
		{4592CD90-540D-4CD8-AFB2-E0906BA6A65F}.Release|Any CPU.ActiveCfg = Release|Any CPU
		{4592CD90-540D-4CD8-AFB2-E0906BA6A65F}.Release|Any CPU.Build.0 = Release|Any CPU
		{2387923A-68D1-42AA-A643-8E85605D151B}.Debug|Any CPU.ActiveCfg = Debug|Any CPU
		{2387923A-68D1-42AA-A643-8E85605D151B}.Debug|Any CPU.Build.0 = Debug|Any CPU
		{2387923A-68D1-42AA-A643-8E85605D151B}.Release|Any CPU.ActiveCfg = Release|Any CPU
		{2387923A-68D1-42AA-A643-8E85605D151B}.Release|Any CPU.Build.0 = Release|Any CPU
		{73CE0223-0FDD-4DF1-9135-6A25E8F1E5FF}.Debug|Any CPU.ActiveCfg = Debug|Any CPU
		{73CE0223-0FDD-4DF1-9135-6A25E8F1E5FF}.Debug|Any CPU.Build.0 = Debug|Any CPU
		{73CE0223-0FDD-4DF1-9135-6A25E8F1E5FF}.Release|Any CPU.ActiveCfg = Release|Any CPU
		{73CE0223-0FDD-4DF1-9135-6A25E8F1E5FF}.Release|Any CPU.Build.0 = Release|Any CPU
		{EA1AC03A-6E1B-4610-8904-2C228878408E}.Debug|Any CPU.ActiveCfg = Debug|Any CPU
		{EA1AC03A-6E1B-4610-8904-2C228878408E}.Debug|Any CPU.Build.0 = Debug|Any CPU
		{EA1AC03A-6E1B-4610-8904-2C228878408E}.Release|Any CPU.ActiveCfg = Release|Any CPU
		{EA1AC03A-6E1B-4610-8904-2C228878408E}.Release|Any CPU.Build.0 = Release|Any CPU
		{CA9A9BA3-5B36-4B52-825E-7BE014984D0A}.Debug|Any CPU.ActiveCfg = Debug|Any CPU
		{CA9A9BA3-5B36-4B52-825E-7BE014984D0A}.Debug|Any CPU.Build.0 = Debug|Any CPU
		{CA9A9BA3-5B36-4B52-825E-7BE014984D0A}.Release|Any CPU.ActiveCfg = Release|Any CPU
		{CA9A9BA3-5B36-4B52-825E-7BE014984D0A}.Release|Any CPU.Build.0 = Release|Any CPU
		{0472E7B4-10A4-4FB7-AFC9-6A6C3255DF8C}.Debug|Any CPU.ActiveCfg = Debug|Any CPU
		{0472E7B4-10A4-4FB7-AFC9-6A6C3255DF8C}.Debug|Any CPU.Build.0 = Debug|Any CPU
		{0472E7B4-10A4-4FB7-AFC9-6A6C3255DF8C}.Release|Any CPU.ActiveCfg = Release|Any CPU
		{0472E7B4-10A4-4FB7-AFC9-6A6C3255DF8C}.Release|Any CPU.Build.0 = Release|Any CPU
		{9EF9EB5B-5BDD-4613-BD65-148B7D6B3256}.Debug|Any CPU.ActiveCfg = Debug|Any CPU
		{9EF9EB5B-5BDD-4613-BD65-148B7D6B3256}.Debug|Any CPU.Build.0 = Debug|Any CPU
		{9EF9EB5B-5BDD-4613-BD65-148B7D6B3256}.Release|Any CPU.ActiveCfg = Release|Any CPU
		{9EF9EB5B-5BDD-4613-BD65-148B7D6B3256}.Release|Any CPU.Build.0 = Release|Any CPU
		{F0086726-9A05-49F0-AC31-8FCCA4D43D79}.Debug|Any CPU.ActiveCfg = Debug|Any CPU
		{F0086726-9A05-49F0-AC31-8FCCA4D43D79}.Debug|Any CPU.Build.0 = Debug|Any CPU
		{F0086726-9A05-49F0-AC31-8FCCA4D43D79}.Release|Any CPU.ActiveCfg = Release|Any CPU
		{F0086726-9A05-49F0-AC31-8FCCA4D43D79}.Release|Any CPU.Build.0 = Release|Any CPU
		{2FFB116A-3583-4CE1-BA2D-CDE8B648172B}.Debug|Any CPU.ActiveCfg = Debug|Any CPU
		{2FFB116A-3583-4CE1-BA2D-CDE8B648172B}.Debug|Any CPU.Build.0 = Debug|Any CPU
		{2FFB116A-3583-4CE1-BA2D-CDE8B648172B}.Release|Any CPU.ActiveCfg = Release|Any CPU
		{2FFB116A-3583-4CE1-BA2D-CDE8B648172B}.Release|Any CPU.Build.0 = Release|Any CPU
	EndGlobalSection
	GlobalSection(SolutionProperties) = preSolution
		HideSolutionNode = FALSE
	EndGlobalSection
	GlobalSection(NestedProjects) = preSolution
		{3CA220A2-18DB-409A-8E32-AFD9BABBEB33} = {D0EB3AFE-3028-4490-AF62-5B7FC754B2B1}
		{3DC9FEFD-9921-477A-87BF-7E1C78F14770} = {D0EB3AFE-3028-4490-AF62-5B7FC754B2B1}
		{AA1BD5B1-0A22-4CB1-BF3B-66E6A426EB10} = {D0EB3AFE-3028-4490-AF62-5B7FC754B2B1}
		{CEB9D421-C40D-4B82-837B-BA75B5A4C697} = {D0EB3AFE-3028-4490-AF62-5B7FC754B2B1}
		{4836F80A-117D-4159-A8C3-1109966964D9} = {3CA220A2-18DB-409A-8E32-AFD9BABBEB33}
		{84D7FA04-C529-4DEF-9702-A9B12F78CAA4} = {3CA220A2-18DB-409A-8E32-AFD9BABBEB33}
		{7B099717-255E-48F6-BC5F-2413298AB75B} = {3CA220A2-18DB-409A-8E32-AFD9BABBEB33}
		{05550588-8E9E-4A15-8208-E440300A642F} = {3DC9FEFD-9921-477A-87BF-7E1C78F14770}
		{4592CD90-540D-4CD8-AFB2-E0906BA6A65F} = {4836F80A-117D-4159-A8C3-1109966964D9}
		{2387923A-68D1-42AA-A643-8E85605D151B} = {AA1BD5B1-0A22-4CB1-BF3B-66E6A426EB10}
		{73CE0223-0FDD-4DF1-9135-6A25E8F1E5FF} = {4836F80A-117D-4159-A8C3-1109966964D9}
		{EA1AC03A-6E1B-4610-8904-2C228878408E} = {84D7FA04-C529-4DEF-9702-A9B12F78CAA4}
		{CA9A9BA3-5B36-4B52-825E-7BE014984D0A} = {7B099717-255E-48F6-BC5F-2413298AB75B}
		{0472E7B4-10A4-4FB7-AFC9-6A6C3255DF8C} = {CEB9D421-C40D-4B82-837B-BA75B5A4C697}
		{9EF9EB5B-5BDD-4613-BD65-148B7D6B3256} = {CEB9D421-C40D-4B82-837B-BA75B5A4C697}
		{F0086726-9A05-49F0-AC31-8FCCA4D43D79} = {CEB9D421-C40D-4B82-837B-BA75B5A4C697}
		{2FFB116A-3583-4CE1-BA2D-CDE8B648172B} = {05550588-8E9E-4A15-8208-E440300A642F}
	EndGlobalSection
	GlobalSection(ExtensibilityGlobals) = postSolution
		SolutionGuid = {9A75782B-7C21-4C5C-A89A-3EC4AF23F2EA}
	EndGlobalSection
EndGlobal
